
Microsoft Visual Studio Solution File, Format Version 12.00
# Visual Studio 15
VisualStudioVersion = 15.0.28307.645
MinimumVisualStudioVersion = 10.0.40219.1
Project("{FAE04EC0-301F-11D3-BF4B-00C04F79EFBC}") = "Snake", "Snake\Snake.csproj", "{2FC6E955-58D9-429D-AFB4-23A1EDDC68E2}"
EndProject
Global
	GlobalSection(SolutionConfigurationPlatforms) = preSolution
		Debug|Any CPU = Debug|Any CPU
		Release|Any CPU = Release|Any CPU
	EndGlobalSection
	GlobalSection(ProjectConfigurationPlatforms) = postSolution
		{2FC6E955-58D9-429D-AFB4-23A1EDDC68E2}.Debug|Any CPU.ActiveCfg = Debug|Any CPU
		{2FC6E955-58D9-429D-AFB4-23A1EDDC68E2}.Debug|Any CPU.Build.0 = Debug|Any CPU
		{2FC6E955-58D9-429D-AFB4-23A1EDDC68E2}.Release|Any CPU.ActiveCfg = Release|Any CPU
		{2FC6E955-58D9-429D-AFB4-23A1EDDC68E2}.Release|Any CPU.Build.0 = Release|Any CPU
	EndGlobalSection
	GlobalSection(SolutionProperties) = preSolution
		HideSolutionNode = FALSE
	EndGlobalSection
	GlobalSection(ExtensibilityGlobals) = postSolution
		SolutionGuid = {17A0E10F-9575-4709-A453-044BC0D179F0}
	EndGlobalSection
EndGlobal
